
Microsoft Visual Studio Solution File, Format Version 12.00
# Visual Studio Version 17
VisualStudioVersion = 17.14.36511.14 d17.14
MinimumVisualStudioVersion = 10.0.40219.1
Project("{FAE04EC0-301F-11D3-BF4B-00C04F79EFBC}") = "KSHOP.PL", "KSHOP.PL\KSHOP.PL.csproj", "{9871AB66-DF5A-4F7A-AAA1-DB2EB76EFEEE}"
EndProject
Project("{FAE04EC0-301F-11D3-BF4B-00C04F79EFBC}") = "KSHOP.BLL", "KSHOP.BLL\KSHOP.BLL.csproj", "{FB7A3EA0-53DE-4897-B17C-37D1A2D4DD72}"
EndProject
Project("{FAE04EC0-301F-11D3-BF4B-00C04F79EFBC}") = "KSHOP.DAL", "KSHOP.DAL\KSHOP.DAL.csproj", "{804CACED-6CE3-4C37-A6FA-F7061E02C367}"
EndProject
Global
	GlobalSection(SolutionConfigurationPlatforms) = preSolution
		Debug|Any CPU = Debug|Any CPU
		Release|Any CPU = Release|Any CPU
	EndGlobalSection
	GlobalSection(ProjectConfigurationPlatforms) = postSolution
		{9871AB66-DF5A-4F7A-AAA1-DB2EB76EFEEE}.Debug|Any CPU.ActiveCfg = Debug|Any CPU
		{9871AB66-DF5A-4F7A-AAA1-DB2EB76EFEEE}.Debug|Any CPU.Build.0 = Debug|Any CPU
		{9871AB66-DF5A-4F7A-AAA1-DB2EB76EFEEE}.Release|Any CPU.ActiveCfg = Release|Any CPU
		{9871AB66-DF5A-4F7A-AAA1-DB2EB76EFEEE}.Release|Any CPU.Build.0 = Release|Any CPU
		{FB7A3EA0-53DE-4897-B17C-37D1A2D4DD72}.Debug|Any CPU.ActiveCfg = Debug|Any CPU
		{FB7A3EA0-53DE-4897-B17C-37D1A2D4DD72}.Debug|Any CPU.Build.0 = Debug|Any CPU
		{FB7A3EA0-53DE-4897-B17C-37D1A2D4DD72}.Release|Any CPU.ActiveCfg = Release|Any CPU
		{FB7A3EA0-53DE-4897-B17C-37D1A2D4DD72}.Release|Any CPU.Build.0 = Release|Any CPU
		{804CACED-6CE3-4C37-A6FA-F7061E02C367}.Debug|Any CPU.ActiveCfg = Debug|Any CPU
		{804CACED-6CE3-4C37-A6FA-F7061E02C367}.Debug|Any CPU.Build.0 = Debug|Any CPU
		{804CACED-6CE3-4C37-A6FA-F7061E02C367}.Release|Any CPU.ActiveCfg = Release|Any CPU
		{804CACED-6CE3-4C37-A6FA-F7061E02C367}.Release|Any CPU.Build.0 = Release|Any CPU
	EndGlobalSection
	GlobalSection(SolutionProperties) = preSolution
		HideSolutionNode = FALSE
	EndGlobalSection
	GlobalSection(ExtensibilityGlobals) = postSolution
		SolutionGuid = {D3B8160E-99CD-4BCD-A572-FE22DAE14091}
	EndGlobalSection
EndGlobal
